
Microsoft Visual Studio Solution File, Format Version 12.00
# Visual Studio 14
VisualStudioVersion = 14.0.25420.1
MinimumVisualStudioVersion = 10.0.40219.1
Project("{2150E333-8FDC-42A3-9474-1A3956D46DE8}") = "Test Project", "Test Project", "{8763C93F-BB5D-46BF-B15D-AA8B5392D0C7}"
EndProject
Project("{2150E333-8FDC-42A3-9474-1A3956D46DE8}") = "BLL Project", "BLL Project", "{A7102297-08DB-46E6-A493-0F9DF69411E9}"
EndProject
Project("{2150E333-8FDC-42A3-9474-1A3956D46DE8}") = "DAL Project", "DAL Project", "{E94BA0A2-DE52-4D96-925B-1FF0C9BF5BD0}"
EndProject
Project("{2150E333-8FDC-42A3-9474-1A3956D46DE8}") = "Web Project", "Web Project", "{5258CF33-E45D-4EC7-8EBE-A80C8DBDC507}"
EndProject
Project("{2150E333-8FDC-42A3-9474-1A3956D46DE8}") = "Comp Project", "Comp Project", "{9B79800B-3F08-43ED-8E9B-EF930CA12B2E}"
EndProject
Project("{2150E333-8FDC-42A3-9474-1A3956D46DE8}") = "Solution Items", "Solution Items", "{0CF32A1D-B60E-43DE-88F9-C03C778005E2}"
	ProjectSection(SolutionItems) = preProject
		Local.testsettings = Local.testsettings
		TraceAndTestImpact.testsettings = TraceAndTestImpact.testsettings
		Zh.Framework1.vsmdi = Zh.Framework1.vsmdi
	EndProjectSection
EndProject
Project("{FAE04EC0-301F-11D3-BF4B-00C04F79EFBC}") = "Zh.Framework", "zh.framework\Zh.Framework.csproj", "{BF031EF6-EDB8-4EC4-8F53-455E2F7BAC37}"
EndProject
Project("{FAE04EC0-301F-11D3-BF4B-00C04F79EFBC}") = "Zh.Framework.Test", "Zh.Framework.Test\Zh.Framework.Test.csproj", "{639DC13D-AD84-4735-A41C-53C57006FFA2}"
EndProject
Project("{FAE04EC0-301F-11D3-BF4B-00C04F79EFBC}") = "Zh.DAL.Base.Define", "Zh.DAL.Base.Define\Zh.DAL.Base.Define.csproj", "{7AE60098-4DC6-4D34-B6AE-8C1CCDC13DC9}"
EndProject
Project("{FAE04EC0-301F-11D3-BF4B-00C04F79EFBC}") = "Zh.DAL.Define", "Zh.DAL.Define\Zh.DAL.Define.csproj", "{5C9A4DB1-BF52-45AC-82AF-B48172632FEB}"
EndProject
Project("{FAE04EC0-301F-11D3-BF4B-00C04F79EFBC}") = "Zh.BLL.Base.Define", "Zh.BLL.Base.Define\Zh.BLL.Base.Define.csproj", "{19B3296A-D468-4DF8-AD18-35FE63F7E23E}"
EndProject
Project("{FAE04EC0-301F-11D3-BF4B-00C04F79EFBC}") = "Zh.BLL.Define", "Zh.BLL.Define\Zh.BLL.Define.csproj", "{E1DF389B-780A-43A6-9130-B66090DBC3A7}"
EndProject
Project("{FAE04EC0-301F-11D3-BF4B-00C04F79EFBC}") = "Zh.BLL.Imp.Count", "Zh.BLL.Imp.Count\Zh.BLL.Imp.Count.csproj", "{C4AB7CA4-2C17-4B29-AFF4-59C6F3BF8420}"
EndProject
Project("{FAE04EC0-301F-11D3-BF4B-00C04F79EFBC}") = "Zh.Test.Console", "Zh.Test.Console\Zh.Test.Console.csproj", "{63560FD9-5AAB-4803-A954-A8320153FB76}"
EndProject
Project("{FAE04EC0-301F-11D3-BF4B-00C04F79EFBC}") = "Zh.DAL.Base.NH", "Zh.DAL.Base.NH\Zh.DAL.Base.NH.csproj", "{37AE74CA-42C5-49E3-BA94-837D7FA501B1}"
EndProject
Project("{FAE04EC0-301F-11D3-BF4B-00C04F79EFBC}") = "Zh.Web.Controllers", "Zh.Web.Controllers\Zh.Web.Controllers.csproj", "{64EACADF-0A1A-499F-A037-85FD38FEEB14}"
EndProject
Project("{FAE04EC0-301F-11D3-BF4B-00C04F79EFBC}") = "Zh.Web.Controllers.Base", "Zh.Web.Controllers.Base\Zh.Web.Controllers.Base.csproj", "{D49F7CEF-D7CA-4E52-B1C7-B7FAE8BE79F6}"
EndProject
Project("{FAE04EC0-301F-11D3-BF4B-00C04F79EFBC}") = "Zh.Web.Base", "Zh.Web.Base\Zh.Web.Base.csproj", "{549EB837-9C12-4CE3-9D10-F5BB358D123C}"
EndProject
Project("{FAE04EC0-301F-11D3-BF4B-00C04F79EFBC}") = "Zh.Web.Controllers.Test", "Zh.Web.Controllers.Test\Zh.Web.Controllers.Test.csproj", "{39D0DF80-BB09-47E4-810D-97B83A92E303}"
EndProject
Project("{FAE04EC0-301F-11D3-BF4B-00C04F79EFBC}") = "Zh.Comp.Router", "Zh.Comp.Router\Zh.Comp.Router.csproj", "{AA0CB76C-AD52-48BF-A93E-77905244A3D8}"
EndProject
Project("{FAE04EC0-301F-11D3-BF4B-00C04F79EFBC}") = "Zh.Comp.Router.Test", "Zh.Comp.Router.Test\Zh.Comp.Router.Test.csproj", "{EC95C37B-C216-4291-B6A8-C6275BB75DD4}"
EndProject
Project("{FAE04EC0-301F-11D3-BF4B-00C04F79EFBC}") = "Zh.DAL.Define.Test", "Zh.DAL.Define.Test\Zh.DAL.Define.Test.csproj", "{E4B45E15-4C1F-49D8-BFC3-E1E53B1B9257}"
EndProject
Project("{FAE04EC0-301F-11D3-BF4B-00C04F79EFBC}") = "Zh.Comp.Router.Web", "Zh.Comp.Router.Web\Zh.Comp.Router.Web.csproj", "{A31DFEF1-A7F2-4EC9-8FE5-75054468E09A}"
EndProject
Project("{FAE04EC0-301F-11D3-BF4B-00C04F79EFBC}") = "Zh.WeiXin.BLL", "Zh.WeiXin.BLL\Zh.WeiXin.BLL.csproj", "{7335CBE5-C774-4FF6-99AE-800495F07B30}"
EndProject
Project("{FAE04EC0-301F-11D3-BF4B-00C04F79EFBC}") = "Zh.Comp.Net.Http", "Zh.Net.Http\Zh.Comp.Net.Http.csproj", "{EBCD8E02-0F4D-4647-8588-0B60E4D7C747}"
EndProject
Project("{FAE04EC0-301F-11D3-BF4B-00C04F79EFBC}") = "Zh.Comp.QRCode", "Zh.Comp.QRCode\Zh.Comp.QRCode.csproj", "{B0988C92-80F3-4988-BA6B-4AEE5157A761}"
EndProject
Project("{FAE04EC0-301F-11D3-BF4B-00C04F79EFBC}") = "Zh.WeiXin.BLL.Test", "Zh.WeiXin.BLL.Test\Zh.WeiXin.BLL.Test.csproj", "{25838272-D54D-4C7F-B6BD-55D4C4EF3CF7}"
EndProject
Project("{FAE04EC0-301F-11D3-BF4B-00C04F79EFBC}") = "Zh.BLL.Imp.WeiXin", "Zh.BLL.Imp.WeiXin\Zh.BLL.Imp.WeiXin.csproj", "{E691BD7B-6C70-4F81-9E3A-6A3043D74E38}"
EndProject
Project("{FAE04EC0-301F-11D3-BF4B-00C04F79EFBC}") = "Zh.BLL.Define.Test", "Zh.BLL.Define.Test\Zh.BLL.Define.Test.csproj", "{C8293889-8CB0-40EC-9205-8BF0C53FB5B7}"
EndProject
Project("{FAE04EC0-301F-11D3-BF4B-00C04F79EFBC}") = "Zh.Framework46", "Zh.Framework46\Zh.Framework46.csproj", "{6DA59C82-D25F-4E8B-B5C6-83E6466CECCD}"
EndProject
Project("{FAE04EC0-301F-11D3-BF4B-00C04F79EFBC}") = "Zh.DAL.EntityFramework.Extend", "Zh.DAL.EntityFramework.Extend\Zh.DAL.EntityFramework.Extend.csproj", "{10FEA6D1-A7A0-48ED-A50D-23B695F627C1}"
EndProject
Project("{FAE04EC0-301F-11D3-BF4B-00C04F79EFBC}") = "Zh.DAL.EntityFramework.ExtendTests", "Zh.DAL.EntityFramework.ExtendTests\Zh.DAL.EntityFramework.ExtendTests.csproj", "{508CBD26-BE5F-4A6F-AF8E-685BC12C4985}"
EndProject
Global
	GlobalSection(SolutionConfigurationPlatforms) = preSolution
		Debug|Any CPU = Debug|Any CPU
		Debug|Mixed Platforms = Debug|Mixed Platforms
		Debug|x86 = Debug|x86
		Release|Any CPU = Release|Any CPU
		Release|Mixed Platforms = Release|Mixed Platforms
		Release|x86 = Release|x86
	EndGlobalSection
	GlobalSection(ProjectConfigurationPlatforms) = postSolution
		{BF031EF6-EDB8-4EC4-8F53-455E2F7BAC37}.Debug|Any CPU.ActiveCfg = Debug|Any CPU
		{BF031EF6-EDB8-4EC4-8F53-455E2F7BAC37}.Debug|Any CPU.Build.0 = Debug|Any CPU
		{BF031EF6-EDB8-4EC4-8F53-455E2F7BAC37}.Debug|Mixed Platforms.ActiveCfg = Debug|Any CPU
		{BF031EF6-EDB8-4EC4-8F53-455E2F7BAC37}.Debug|Mixed Platforms.Build.0 = Debug|Any CPU
		{BF031EF6-EDB8-4EC4-8F53-455E2F7BAC37}.Debug|x86.ActiveCfg = Debug|Any CPU
		{BF031EF6-EDB8-4EC4-8F53-455E2F7BAC37}.Release|Any CPU.ActiveCfg = Release|Any CPU
		{BF031EF6-EDB8-4EC4-8F53-455E2F7BAC37}.Release|Any CPU.Build.0 = Release|Any CPU
		{BF031EF6-EDB8-4EC4-8F53-455E2F7BAC37}.Release|Mixed Platforms.ActiveCfg = Release|Any CPU
		{BF031EF6-EDB8-4EC4-8F53-455E2F7BAC37}.Release|Mixed Platforms.Build.0 = Release|Any CPU
		{BF031EF6-EDB8-4EC4-8F53-455E2F7BAC37}.Release|x86.ActiveCfg = Release|Any CPU
		{639DC13D-AD84-4735-A41C-53C57006FFA2}.Debug|Any CPU.ActiveCfg = Debug|Any CPU
		{639DC13D-AD84-4735-A41C-53C57006FFA2}.Debug|Any CPU.Build.0 = Debug|Any CPU
		{639DC13D-AD84-4735-A41C-53C57006FFA2}.Debug|Mixed Platforms.ActiveCfg = Debug|Any CPU
		{639DC13D-AD84-4735-A41C-53C57006FFA2}.Debug|Mixed Platforms.Build.0 = Debug|Any CPU
		{639DC13D-AD84-4735-A41C-53C57006FFA2}.Debug|x86.ActiveCfg = Debug|Any CPU
		{639DC13D-AD84-4735-A41C-53C57006FFA2}.Release|Any CPU.ActiveCfg = Release|Any CPU
		{639DC13D-AD84-4735-A41C-53C57006FFA2}.Release|Any CPU.Build.0 = Release|Any CPU
		{639DC13D-AD84-4735-A41C-53C57006FFA2}.Release|Mixed Platforms.ActiveCfg = Release|Any CPU
		{639DC13D-AD84-4735-A41C-53C57006FFA2}.Release|Mixed Platforms.Build.0 = Release|Any CPU
		{639DC13D-AD84-4735-A41C-53C57006FFA2}.Release|x86.ActiveCfg = Release|Any CPU
		{7AE60098-4DC6-4D34-B6AE-8C1CCDC13DC9}.Debug|Any CPU.ActiveCfg = Debug|Any CPU
		{7AE60098-4DC6-4D34-B6AE-8C1CCDC13DC9}.Debug|Any CPU.Build.0 = Debug|Any CPU
		{7AE60098-4DC6-4D34-B6AE-8C1CCDC13DC9}.Debug|Mixed Platforms.ActiveCfg = Debug|Any CPU
		{7AE60098-4DC6-4D34-B6AE-8C1CCDC13DC9}.Debug|Mixed Platforms.Build.0 = Debug|Any CPU
		{7AE60098-4DC6-4D34-B6AE-8C1CCDC13DC9}.Debug|x86.ActiveCfg = Debug|Any CPU
		{7AE60098-4DC6-4D34-B6AE-8C1CCDC13DC9}.Release|Any CPU.ActiveCfg = Release|Any CPU
		{7AE60098-4DC6-4D34-B6AE-8C1CCDC13DC9}.Release|Any CPU.Build.0 = Release|Any CPU
		{7AE60098-4DC6-4D34-B6AE-8C1CCDC13DC9}.Release|Mixed Platforms.ActiveCfg = Release|Any CPU
		{7AE60098-4DC6-4D34-B6AE-8C1CCDC13DC9}.Release|Mixed Platforms.Build.0 = Release|Any CPU
		{7AE60098-4DC6-4D34-B6AE-8C1CCDC13DC9}.Release|x86.ActiveCfg = Release|Any CPU
		{5C9A4DB1-BF52-45AC-82AF-B48172632FEB}.Debug|Any CPU.ActiveCfg = Debug|Any CPU
		{5C9A4DB1-BF52-45AC-82AF-B48172632FEB}.Debug|Any CPU.Build.0 = Debug|Any CPU
		{5C9A4DB1-BF52-45AC-82AF-B48172632FEB}.Debug|Mixed Platforms.ActiveCfg = Debug|Any CPU
		{5C9A4DB1-BF52-45AC-82AF-B48172632FEB}.Debug|Mixed Platforms.Build.0 = Debug|Any CPU
		{5C9A4DB1-BF52-45AC-82AF-B48172632FEB}.Debug|x86.ActiveCfg = Debug|Any CPU
		{5C9A4DB1-BF52-45AC-82AF-B48172632FEB}.Release|Any CPU.ActiveCfg = Release|Any CPU
		{5C9A4DB1-BF52-45AC-82AF-B48172632FEB}.Release|Any CPU.Build.0 = Release|Any CPU
		{5C9A4DB1-BF52-45AC-82AF-B48172632FEB}.Release|Mixed Platforms.ActiveCfg = Release|Any CPU
		{5C9A4DB1-BF52-45AC-82AF-B48172632FEB}.Release|Mixed Platforms.Build.0 = Release|Any CPU
		{5C9A4DB1-BF52-45AC-82AF-B48172632FEB}.Release|x86.ActiveCfg = Release|Any CPU
		{19B3296A-D468-4DF8-AD18-35FE63F7E23E}.Debug|Any CPU.ActiveCfg = Debug|Any CPU
		{19B3296A-D468-4DF8-AD18-35FE63F7E23E}.Debug|Any CPU.Build.0 = Debug|Any CPU
		{19B3296A-D468-4DF8-AD18-35FE63F7E23E}.Debug|Mixed Platforms.ActiveCfg = Debug|Any CPU
		{19B3296A-D468-4DF8-AD18-35FE63F7E23E}.Debug|Mixed Platforms.Build.0 = Debug|Any CPU
		{19B3296A-D468-4DF8-AD18-35FE63F7E23E}.Debug|x86.ActiveCfg = Debug|Any CPU
		{19B3296A-D468-4DF8-AD18-35FE63F7E23E}.Release|Any CPU.ActiveCfg = Release|Any CPU
		{19B3296A-D468-4DF8-AD18-35FE63F7E23E}.Release|Any CPU.Build.0 = Release|Any CPU
		{19B3296A-D468-4DF8-AD18-35FE63F7E23E}.Release|Mixed Platforms.ActiveCfg = Release|Any CPU
		{19B3296A-D468-4DF8-AD18-35FE63F7E23E}.Release|Mixed Platforms.Build.0 = Release|Any CPU
		{19B3296A-D468-4DF8-AD18-35FE63F7E23E}.Release|x86.ActiveCfg = Release|Any CPU
		{E1DF389B-780A-43A6-9130-B66090DBC3A7}.Debug|Any CPU.ActiveCfg = Debug|Any CPU
		{E1DF389B-780A-43A6-9130-B66090DBC3A7}.Debug|Any CPU.Build.0 = Debug|Any CPU
		{E1DF389B-780A-43A6-9130-B66090DBC3A7}.Debug|Mixed Platforms.ActiveCfg = Debug|Any CPU
		{E1DF389B-780A-43A6-9130-B66090DBC3A7}.Debug|Mixed Platforms.Build.0 = Debug|Any CPU
		{E1DF389B-780A-43A6-9130-B66090DBC3A7}.Debug|x86.ActiveCfg = Debug|Any CPU
		{E1DF389B-780A-43A6-9130-B66090DBC3A7}.Release|Any CPU.ActiveCfg = Release|Any CPU
		{E1DF389B-780A-43A6-9130-B66090DBC3A7}.Release|Any CPU.Build.0 = Release|Any CPU
		{E1DF389B-780A-43A6-9130-B66090DBC3A7}.Release|Mixed Platforms.ActiveCfg = Release|Any CPU
		{E1DF389B-780A-43A6-9130-B66090DBC3A7}.Release|Mixed Platforms.Build.0 = Release|Any CPU
		{E1DF389B-780A-43A6-9130-B66090DBC3A7}.Release|x86.ActiveCfg = Release|Any CPU
		{C4AB7CA4-2C17-4B29-AFF4-59C6F3BF8420}.Debug|Any CPU.ActiveCfg = Debug|Any CPU
		{C4AB7CA4-2C17-4B29-AFF4-59C6F3BF8420}.Debug|Any CPU.Build.0 = Debug|Any CPU
		{C4AB7CA4-2C17-4B29-AFF4-59C6F3BF8420}.Debug|Mixed Platforms.ActiveCfg = Debug|Any CPU
		{C4AB7CA4-2C17-4B29-AFF4-59C6F3BF8420}.Debug|Mixed Platforms.Build.0 = Debug|Any CPU
		{C4AB7CA4-2C17-4B29-AFF4-59C6F3BF8420}.Debug|x86.ActiveCfg = Debug|Any CPU
		{C4AB7CA4-2C17-4B29-AFF4-59C6F3BF8420}.Release|Any CPU.ActiveCfg = Release|Any CPU
		{C4AB7CA4-2C17-4B29-AFF4-59C6F3BF8420}.Release|Any CPU.Build.0 = Release|Any CPU
		{C4AB7CA4-2C17-4B29-AFF4-59C6F3BF8420}.Release|Mixed Platforms.ActiveCfg = Release|Any CPU
		{C4AB7CA4-2C17-4B29-AFF4-59C6F3BF8420}.Release|Mixed Platforms.Build.0 = Release|Any CPU
		{C4AB7CA4-2C17-4B29-AFF4-59C6F3BF8420}.Release|x86.ActiveCfg = Release|Any CPU
		{63560FD9-5AAB-4803-A954-A8320153FB76}.Debug|Any CPU.ActiveCfg = Debug|x86
		{63560FD9-5AAB-4803-A954-A8320153FB76}.Debug|Mixed Platforms.ActiveCfg = Debug|x86
		{63560FD9-5AAB-4803-A954-A8320153FB76}.Debug|Mixed Platforms.Build.0 = Debug|x86
		{63560FD9-5AAB-4803-A954-A8320153FB76}.Debug|x86.ActiveCfg = Debug|x86
		{63560FD9-5AAB-4803-A954-A8320153FB76}.Debug|x86.Build.0 = Debug|x86
		{63560FD9-5AAB-4803-A954-A8320153FB76}.Release|Any CPU.ActiveCfg = Release|x86
		{63560FD9-5AAB-4803-A954-A8320153FB76}.Release|Mixed Platforms.ActiveCfg = Release|x86
		{63560FD9-5AAB-4803-A954-A8320153FB76}.Release|Mixed Platforms.Build.0 = Release|x86
		{63560FD9-5AAB-4803-A954-A8320153FB76}.Release|x86.ActiveCfg = Release|x86
		{63560FD9-5AAB-4803-A954-A8320153FB76}.Release|x86.Build.0 = Release|x86
		{37AE74CA-42C5-49E3-BA94-837D7FA501B1}.Debug|Any CPU.ActiveCfg = Debug|Any CPU
		{37AE74CA-42C5-49E3-BA94-837D7FA501B1}.Debug|Any CPU.Build.0 = Debug|Any CPU
		{37AE74CA-42C5-49E3-BA94-837D7FA501B1}.Debug|Mixed Platforms.ActiveCfg = Debug|Any CPU
		{37AE74CA-42C5-49E3-BA94-837D7FA501B1}.Debug|Mixed Platforms.Build.0 = Debug|Any CPU
		{37AE74CA-42C5-49E3-BA94-837D7FA501B1}.Debug|x86.ActiveCfg = Debug|Any CPU
		{37AE74CA-42C5-49E3-BA94-837D7FA501B1}.Release|Any CPU.ActiveCfg = Release|Any CPU
		{37AE74CA-42C5-49E3-BA94-837D7FA501B1}.Release|Any CPU.Build.0 = Release|Any CPU
		{37AE74CA-42C5-49E3-BA94-837D7FA501B1}.Release|Mixed Platforms.ActiveCfg = Release|Any CPU
		{37AE74CA-42C5-49E3-BA94-837D7FA501B1}.Release|Mixed Platforms.Build.0 = Release|Any CPU
		{37AE74CA-42C5-49E3-BA94-837D7FA501B1}.Release|x86.ActiveCfg = Release|Any CPU
		{64EACADF-0A1A-499F-A037-85FD38FEEB14}.Debug|Any CPU.ActiveCfg = Debug|Any CPU
		{64EACADF-0A1A-499F-A037-85FD38FEEB14}.Debug|Any CPU.Build.0 = Debug|Any CPU
		{64EACADF-0A1A-499F-A037-85FD38FEEB14}.Debug|Mixed Platforms.ActiveCfg = Debug|Any CPU
		{64EACADF-0A1A-499F-A037-85FD38FEEB14}.Debug|Mixed Platforms.Build.0 = Debug|Any CPU
		{64EACADF-0A1A-499F-A037-85FD38FEEB14}.Debug|x86.ActiveCfg = Debug|Any CPU
		{64EACADF-0A1A-499F-A037-85FD38FEEB14}.Release|Any CPU.ActiveCfg = Release|Any CPU
		{64EACADF-0A1A-499F-A037-85FD38FEEB14}.Release|Any CPU.Build.0 = Release|Any CPU
		{64EACADF-0A1A-499F-A037-85FD38FEEB14}.Release|Mixed Platforms.ActiveCfg = Release|Any CPU
		{64EACADF-0A1A-499F-A037-85FD38FEEB14}.Release|Mixed Platforms.Build.0 = Release|Any CPU
		{64EACADF-0A1A-499F-A037-85FD38FEEB14}.Release|x86.ActiveCfg = Release|Any CPU
		{D49F7CEF-D7CA-4E52-B1C7-B7FAE8BE79F6}.Debug|Any CPU.ActiveCfg = Debug|Any CPU
		{D49F7CEF-D7CA-4E52-B1C7-B7FAE8BE79F6}.Debug|Any CPU.Build.0 = Debug|Any CPU
		{D49F7CEF-D7CA-4E52-B1C7-B7FAE8BE79F6}.Debug|Mixed Platforms.ActiveCfg = Debug|Any CPU
		{D49F7CEF-D7CA-4E52-B1C7-B7FAE8BE79F6}.Debug|Mixed Platforms.Build.0 = Debug|Any CPU
		{D49F7CEF-D7CA-4E52-B1C7-B7FAE8BE79F6}.Debug|x86.ActiveCfg = Debug|Any CPU
		{D49F7CEF-D7CA-4E52-B1C7-B7FAE8BE79F6}.Release|Any CPU.ActiveCfg = Release|Any CPU
		{D49F7CEF-D7CA-4E52-B1C7-B7FAE8BE79F6}.Release|Any CPU.Build.0 = Release|Any CPU
		{D49F7CEF-D7CA-4E52-B1C7-B7FAE8BE79F6}.Release|Mixed Platforms.ActiveCfg = Release|Any CPU
		{D49F7CEF-D7CA-4E52-B1C7-B7FAE8BE79F6}.Release|Mixed Platforms.Build.0 = Release|Any CPU
		{D49F7CEF-D7CA-4E52-B1C7-B7FAE8BE79F6}.Release|x86.ActiveCfg = Release|Any CPU
		{549EB837-9C12-4CE3-9D10-F5BB358D123C}.Debug|Any CPU.ActiveCfg = Debug|Any CPU
		{549EB837-9C12-4CE3-9D10-F5BB358D123C}.Debug|Any CPU.Build.0 = Debug|Any CPU
		{549EB837-9C12-4CE3-9D10-F5BB358D123C}.Debug|Mixed Platforms.ActiveCfg = Debug|Any CPU
		{549EB837-9C12-4CE3-9D10-F5BB358D123C}.Debug|Mixed Platforms.Build.0 = Debug|Any CPU
		{549EB837-9C12-4CE3-9D10-F5BB358D123C}.Debug|x86.ActiveCfg = Debug|Any CPU
		{549EB837-9C12-4CE3-9D10-F5BB358D123C}.Release|Any CPU.ActiveCfg = Release|Any CPU
		{549EB837-9C12-4CE3-9D10-F5BB358D123C}.Release|Any CPU.Build.0 = Release|Any CPU
		{549EB837-9C12-4CE3-9D10-F5BB358D123C}.Release|Mixed Platforms.ActiveCfg = Release|Any CPU
		{549EB837-9C12-4CE3-9D10-F5BB358D123C}.Release|Mixed Platforms.Build.0 = Release|Any CPU
		{549EB837-9C12-4CE3-9D10-F5BB358D123C}.Release|x86.ActiveCfg = Release|Any CPU
		{39D0DF80-BB09-47E4-810D-97B83A92E303}.Debug|Any CPU.ActiveCfg = Debug|Any CPU
		{39D0DF80-BB09-47E4-810D-97B83A92E303}.Debug|Any CPU.Build.0 = Debug|Any CPU
		{39D0DF80-BB09-47E4-810D-97B83A92E303}.Debug|Mixed Platforms.ActiveCfg = Debug|Any CPU
		{39D0DF80-BB09-47E4-810D-97B83A92E303}.Debug|Mixed Platforms.Build.0 = Debug|Any CPU
		{39D0DF80-BB09-47E4-810D-97B83A92E303}.Debug|x86.ActiveCfg = Debug|Any CPU
		{39D0DF80-BB09-47E4-810D-97B83A92E303}.Release|Any CPU.ActiveCfg = Release|Any CPU
		{39D0DF80-BB09-47E4-810D-97B83A92E303}.Release|Any CPU.Build.0 = Release|Any CPU
		{39D0DF80-BB09-47E4-810D-97B83A92E303}.Release|Mixed Platforms.ActiveCfg = Release|Any CPU
		{39D0DF80-BB09-47E4-810D-97B83A92E303}.Release|Mixed Platforms.Build.0 = Release|Any CPU
		{39D0DF80-BB09-47E4-810D-97B83A92E303}.Release|x86.ActiveCfg = Release|Any CPU
		{AA0CB76C-AD52-48BF-A93E-77905244A3D8}.Debug|Any CPU.ActiveCfg = Debug|Any CPU
		{AA0CB76C-AD52-48BF-A93E-77905244A3D8}.Debug|Any CPU.Build.0 = Debug|Any CPU
		{AA0CB76C-AD52-48BF-A93E-77905244A3D8}.Debug|Mixed Platforms.ActiveCfg = Debug|Any CPU
		{AA0CB76C-AD52-48BF-A93E-77905244A3D8}.Debug|Mixed Platforms.Build.0 = Debug|Any CPU
		{AA0CB76C-AD52-48BF-A93E-77905244A3D8}.Debug|x86.ActiveCfg = Debug|Any CPU
		{AA0CB76C-AD52-48BF-A93E-77905244A3D8}.Release|Any CPU.ActiveCfg = Release|Any CPU
		{AA0CB76C-AD52-48BF-A93E-77905244A3D8}.Release|Any CPU.Build.0 = Release|Any CPU
		{AA0CB76C-AD52-48BF-A93E-77905244A3D8}.Release|Mixed Platforms.ActiveCfg = Release|Any CPU
		{AA0CB76C-AD52-48BF-A93E-77905244A3D8}.Release|Mixed Platforms.Build.0 = Release|Any CPU
		{AA0CB76C-AD52-48BF-A93E-77905244A3D8}.Release|x86.ActiveCfg = Release|Any CPU
		{EC95C37B-C216-4291-B6A8-C6275BB75DD4}.Debug|Any CPU.ActiveCfg = Debug|x86
		{EC95C37B-C216-4291-B6A8-C6275BB75DD4}.Debug|Mixed Platforms.ActiveCfg = Debug|x86
		{EC95C37B-C216-4291-B6A8-C6275BB75DD4}.Debug|Mixed Platforms.Build.0 = Debug|x86
		{EC95C37B-C216-4291-B6A8-C6275BB75DD4}.Debug|x86.ActiveCfg = Debug|x86
		{EC95C37B-C216-4291-B6A8-C6275BB75DD4}.Debug|x86.Build.0 = Debug|x86
		{EC95C37B-C216-4291-B6A8-C6275BB75DD4}.Release|Any CPU.ActiveCfg = Release|x86
		{EC95C37B-C216-4291-B6A8-C6275BB75DD4}.Release|Mixed Platforms.ActiveCfg = Release|x86
		{EC95C37B-C216-4291-B6A8-C6275BB75DD4}.Release|Mixed Platforms.Build.0 = Release|x86
		{EC95C37B-C216-4291-B6A8-C6275BB75DD4}.Release|x86.ActiveCfg = Release|x86
		{EC95C37B-C216-4291-B6A8-C6275BB75DD4}.Release|x86.Build.0 = Release|x86
		{E4B45E15-4C1F-49D8-BFC3-E1E53B1B9257}.Debug|Any CPU.ActiveCfg = Debug|Any CPU
		{E4B45E15-4C1F-49D8-BFC3-E1E53B1B9257}.Debug|Any CPU.Build.0 = Debug|Any CPU
		{E4B45E15-4C1F-49D8-BFC3-E1E53B1B9257}.Debug|Mixed Platforms.ActiveCfg = Debug|Any CPU
		{E4B45E15-4C1F-49D8-BFC3-E1E53B1B9257}.Debug|Mixed Platforms.Build.0 = Debug|Any CPU
		{E4B45E15-4C1F-49D8-BFC3-E1E53B1B9257}.Debug|x86.ActiveCfg = Debug|Any CPU
		{E4B45E15-4C1F-49D8-BFC3-E1E53B1B9257}.Release|Any CPU.ActiveCfg = Release|Any CPU
		{E4B45E15-4C1F-49D8-BFC3-E1E53B1B9257}.Release|Any CPU.Build.0 = Release|Any CPU
		{E4B45E15-4C1F-49D8-BFC3-E1E53B1B9257}.Release|Mixed Platforms.ActiveCfg = Release|Any CPU
		{E4B45E15-4C1F-49D8-BFC3-E1E53B1B9257}.Release|Mixed Platforms.Build.0 = Release|Any CPU
		{E4B45E15-4C1F-49D8-BFC3-E1E53B1B9257}.Release|x86.ActiveCfg = Release|Any CPU
		{A31DFEF1-A7F2-4EC9-8FE5-75054468E09A}.Debug|Any CPU.ActiveCfg = Debug|Any CPU
		{A31DFEF1-A7F2-4EC9-8FE5-75054468E09A}.Debug|Any CPU.Build.0 = Debug|Any CPU
		{A31DFEF1-A7F2-4EC9-8FE5-75054468E09A}.Debug|Mixed Platforms.ActiveCfg = Debug|Any CPU
		{A31DFEF1-A7F2-4EC9-8FE5-75054468E09A}.Debug|Mixed Platforms.Build.0 = Debug|Any CPU
		{A31DFEF1-A7F2-4EC9-8FE5-75054468E09A}.Debug|x86.ActiveCfg = Debug|Any CPU
		{A31DFEF1-A7F2-4EC9-8FE5-75054468E09A}.Release|Any CPU.ActiveCfg = Release|Any CPU
		{A31DFEF1-A7F2-4EC9-8FE5-75054468E09A}.Release|Any CPU.Build.0 = Release|Any CPU
		{A31DFEF1-A7F2-4EC9-8FE5-75054468E09A}.Release|Mixed Platforms.ActiveCfg = Release|Any CPU
		{A31DFEF1-A7F2-4EC9-8FE5-75054468E09A}.Release|Mixed Platforms.Build.0 = Release|Any CPU
		{A31DFEF1-A7F2-4EC9-8FE5-75054468E09A}.Release|x86.ActiveCfg = Release|Any CPU
		{7335CBE5-C774-4FF6-99AE-800495F07B30}.Debug|Any CPU.ActiveCfg = Debug|Any CPU
		{7335CBE5-C774-4FF6-99AE-800495F07B30}.Debug|Any CPU.Build.0 = Debug|Any CPU
		{7335CBE5-C774-4FF6-99AE-800495F07B30}.Debug|Mixed Platforms.ActiveCfg = Debug|Any CPU
		{7335CBE5-C774-4FF6-99AE-800495F07B30}.Debug|Mixed Platforms.Build.0 = Debug|Any CPU
		{7335CBE5-C774-4FF6-99AE-800495F07B30}.Debug|x86.ActiveCfg = Debug|Any CPU
		{7335CBE5-C774-4FF6-99AE-800495F07B30}.Release|Any CPU.ActiveCfg = Release|Any CPU
		{7335CBE5-C774-4FF6-99AE-800495F07B30}.Release|Any CPU.Build.0 = Release|Any CPU
		{7335CBE5-C774-4FF6-99AE-800495F07B30}.Release|Mixed Platforms.ActiveCfg = Release|Any CPU
		{7335CBE5-C774-4FF6-99AE-800495F07B30}.Release|Mixed Platforms.Build.0 = Release|Any CPU
		{7335CBE5-C774-4FF6-99AE-800495F07B30}.Release|x86.ActiveCfg = Release|Any CPU
		{EBCD8E02-0F4D-4647-8588-0B60E4D7C747}.Debug|Any CPU.ActiveCfg = Debug|Any CPU
		{EBCD8E02-0F4D-4647-8588-0B60E4D7C747}.Debug|Any CPU.Build.0 = Debug|Any CPU
		{EBCD8E02-0F4D-4647-8588-0B60E4D7C747}.Debug|Mixed Platforms.ActiveCfg = Debug|Any CPU
		{EBCD8E02-0F4D-4647-8588-0B60E4D7C747}.Debug|Mixed Platforms.Build.0 = Debug|Any CPU
		{EBCD8E02-0F4D-4647-8588-0B60E4D7C747}.Debug|x86.ActiveCfg = Debug|Any CPU
		{EBCD8E02-0F4D-4647-8588-0B60E4D7C747}.Release|Any CPU.ActiveCfg = Release|Any CPU
		{EBCD8E02-0F4D-4647-8588-0B60E4D7C747}.Release|Any CPU.Build.0 = Release|Any CPU
		{EBCD8E02-0F4D-4647-8588-0B60E4D7C747}.Release|Mixed Platforms.ActiveCfg = Release|Any CPU
		{EBCD8E02-0F4D-4647-8588-0B60E4D7C747}.Release|Mixed Platforms.Build.0 = Release|Any CPU
		{EBCD8E02-0F4D-4647-8588-0B60E4D7C747}.Release|x86.ActiveCfg = Release|Any CPU
		{B0988C92-80F3-4988-BA6B-4AEE5157A761}.Debug|Any CPU.ActiveCfg = Debug|Any CPU
		{B0988C92-80F3-4988-BA6B-4AEE5157A761}.Debug|Any CPU.Build.0 = Debug|Any CPU
		{B0988C92-80F3-4988-BA6B-4AEE5157A761}.Debug|Mixed Platforms.ActiveCfg = Debug|Any CPU
		{B0988C92-80F3-4988-BA6B-4AEE5157A761}.Debug|Mixed Platforms.Build.0 = Debug|Any CPU
		{B0988C92-80F3-4988-BA6B-4AEE5157A761}.Debug|x86.ActiveCfg = Debug|Any CPU
		{B0988C92-80F3-4988-BA6B-4AEE5157A761}.Release|Any CPU.ActiveCfg = Release|Any CPU
		{B0988C92-80F3-4988-BA6B-4AEE5157A761}.Release|Any CPU.Build.0 = Release|Any CPU
		{B0988C92-80F3-4988-BA6B-4AEE5157A761}.Release|Mixed Platforms.ActiveCfg = Release|Any CPU
		{B0988C92-80F3-4988-BA6B-4AEE5157A761}.Release|Mixed Platforms.Build.0 = Release|Any CPU
		{B0988C92-80F3-4988-BA6B-4AEE5157A761}.Release|x86.ActiveCfg = Release|Any CPU
		{25838272-D54D-4C7F-B6BD-55D4C4EF3CF7}.Debug|Any CPU.ActiveCfg = Debug|Any CPU
		{25838272-D54D-4C7F-B6BD-55D4C4EF3CF7}.Debug|Any CPU.Build.0 = Debug|Any CPU
		{25838272-D54D-4C7F-B6BD-55D4C4EF3CF7}.Debug|Mixed Platforms.ActiveCfg = Debug|Any CPU
		{25838272-D54D-4C7F-B6BD-55D4C4EF3CF7}.Debug|Mixed Platforms.Build.0 = Debug|Any CPU
		{25838272-D54D-4C7F-B6BD-55D4C4EF3CF7}.Debug|x86.ActiveCfg = Debug|Any CPU
		{25838272-D54D-4C7F-B6BD-55D4C4EF3CF7}.Release|Any CPU.ActiveCfg = Release|Any CPU
		{25838272-D54D-4C7F-B6BD-55D4C4EF3CF7}.Release|Any CPU.Build.0 = Release|Any CPU
		{25838272-D54D-4C7F-B6BD-55D4C4EF3CF7}.Release|Mixed Platforms.ActiveCfg = Release|Any CPU
		{25838272-D54D-4C7F-B6BD-55D4C4EF3CF7}.Release|Mixed Platforms.Build.0 = Release|Any CPU
		{25838272-D54D-4C7F-B6BD-55D4C4EF3CF7}.Release|x86.ActiveCfg = Release|Any CPU
		{E691BD7B-6C70-4F81-9E3A-6A3043D74E38}.Debug|Any CPU.ActiveCfg = Debug|Any CPU
		{E691BD7B-6C70-4F81-9E3A-6A3043D74E38}.Debug|Any CPU.Build.0 = Debug|Any CPU
		{E691BD7B-6C70-4F81-9E3A-6A3043D74E38}.Debug|Mixed Platforms.ActiveCfg = Debug|Any CPU
		{E691BD7B-6C70-4F81-9E3A-6A3043D74E38}.Debug|Mixed Platforms.Build.0 = Debug|Any CPU
		{E691BD7B-6C70-4F81-9E3A-6A3043D74E38}.Debug|x86.ActiveCfg = Debug|Any CPU
		{E691BD7B-6C70-4F81-9E3A-6A3043D74E38}.Release|Any CPU.ActiveCfg = Release|Any CPU
		{E691BD7B-6C70-4F81-9E3A-6A3043D74E38}.Release|Any CPU.Build.0 = Release|Any CPU
		{E691BD7B-6C70-4F81-9E3A-6A3043D74E38}.Release|Mixed Platforms.ActiveCfg = Release|Any CPU
		{E691BD7B-6C70-4F81-9E3A-6A3043D74E38}.Release|Mixed Platforms.Build.0 = Release|Any CPU
		{E691BD7B-6C70-4F81-9E3A-6A3043D74E38}.Release|x86.ActiveCfg = Release|Any CPU
		{C8293889-8CB0-40EC-9205-8BF0C53FB5B7}.Debug|Any CPU.ActiveCfg = Debug|Any CPU
		{C8293889-8CB0-40EC-9205-8BF0C53FB5B7}.Debug|Any CPU.Build.0 = Debug|Any CPU
		{C8293889-8CB0-40EC-9205-8BF0C53FB5B7}.Debug|Mixed Platforms.ActiveCfg = Debug|Any CPU
		{C8293889-8CB0-40EC-9205-8BF0C53FB5B7}.Debug|Mixed Platforms.Build.0 = Debug|Any CPU
		{C8293889-8CB0-40EC-9205-8BF0C53FB5B7}.Debug|x86.ActiveCfg = Debug|Any CPU
		{C8293889-8CB0-40EC-9205-8BF0C53FB5B7}.Release|Any CPU.ActiveCfg = Release|Any CPU
		{C8293889-8CB0-40EC-9205-8BF0C53FB5B7}.Release|Any CPU.Build.0 = Release|Any CPU
		{C8293889-8CB0-40EC-9205-8BF0C53FB5B7}.Release|Mixed Platforms.ActiveCfg = Release|Any CPU
		{C8293889-8CB0-40EC-9205-8BF0C53FB5B7}.Release|Mixed Platforms.Build.0 = Release|Any CPU
		{C8293889-8CB0-40EC-9205-8BF0C53FB5B7}.Release|x86.ActiveCfg = Release|Any CPU
		{6DA59C82-D25F-4E8B-B5C6-83E6466CECCD}.Debug|Any CPU.ActiveCfg = Debug|Any CPU
		{6DA59C82-D25F-4E8B-B5C6-83E6466CECCD}.Debug|Any CPU.Build.0 = Debug|Any CPU
		{6DA59C82-D25F-4E8B-B5C6-83E6466CECCD}.Debug|Mixed Platforms.ActiveCfg = Debug|Any CPU
		{6DA59C82-D25F-4E8B-B5C6-83E6466CECCD}.Debug|Mixed Platforms.Build.0 = Debug|Any CPU
		{6DA59C82-D25F-4E8B-B5C6-83E6466CECCD}.Debug|x86.ActiveCfg = Debug|Any CPU
		{6DA59C82-D25F-4E8B-B5C6-83E6466CECCD}.Debug|x86.Build.0 = Debug|Any CPU
		{6DA59C82-D25F-4E8B-B5C6-83E6466CECCD}.Release|Any CPU.ActiveCfg = Release|Any CPU
		{6DA59C82-D25F-4E8B-B5C6-83E6466CECCD}.Release|Any CPU.Build.0 = Release|Any CPU
		{6DA59C82-D25F-4E8B-B5C6-83E6466CECCD}.Release|Mixed Platforms.ActiveCfg = Release|Any CPU
		{6DA59C82-D25F-4E8B-B5C6-83E6466CECCD}.Release|Mixed Platforms.Build.0 = Release|Any CPU
		{6DA59C82-D25F-4E8B-B5C6-83E6466CECCD}.Release|x86.ActiveCfg = Release|Any CPU
		{6DA59C82-D25F-4E8B-B5C6-83E6466CECCD}.Release|x86.Build.0 = Release|Any CPU
		{10FEA6D1-A7A0-48ED-A50D-23B695F627C1}.Debug|Any CPU.ActiveCfg = Debug|Any CPU
		{10FEA6D1-A7A0-48ED-A50D-23B695F627C1}.Debug|Any CPU.Build.0 = Debug|Any CPU
		{10FEA6D1-A7A0-48ED-A50D-23B695F627C1}.Debug|Mixed Platforms.ActiveCfg = Debug|Any CPU
		{10FEA6D1-A7A0-48ED-A50D-23B695F627C1}.Debug|Mixed Platforms.Build.0 = Debug|Any CPU
		{10FEA6D1-A7A0-48ED-A50D-23B695F627C1}.Debug|x86.ActiveCfg = Debug|Any CPU
		{10FEA6D1-A7A0-48ED-A50D-23B695F627C1}.Debug|x86.Build.0 = Debug|Any CPU
		{10FEA6D1-A7A0-48ED-A50D-23B695F627C1}.Release|Any CPU.ActiveCfg = Release|Any CPU
		{10FEA6D1-A7A0-48ED-A50D-23B695F627C1}.Release|Any CPU.Build.0 = Release|Any CPU
		{10FEA6D1-A7A0-48ED-A50D-23B695F627C1}.Release|Mixed Platforms.ActiveCfg = Release|Any CPU
		{10FEA6D1-A7A0-48ED-A50D-23B695F627C1}.Release|Mixed Platforms.Build.0 = Release|Any CPU
		{10FEA6D1-A7A0-48ED-A50D-23B695F627C1}.Release|x86.ActiveCfg = Release|Any CPU
		{10FEA6D1-A7A0-48ED-A50D-23B695F627C1}.Release|x86.Build.0 = Release|Any CPU
		{508CBD26-BE5F-4A6F-AF8E-685BC12C4985}.Debug|Any CPU.ActiveCfg = Debug|Any CPU
		{508CBD26-BE5F-4A6F-AF8E-685BC12C4985}.Debug|Any CPU.Build.0 = Debug|Any CPU
		{508CBD26-BE5F-4A6F-AF8E-685BC12C4985}.Debug|Mixed Platforms.ActiveCfg = Debug|Any CPU
		{508CBD26-BE5F-4A6F-AF8E-685BC12C4985}.Debug|Mixed Platforms.Build.0 = Debug|Any CPU
		{508CBD26-BE5F-4A6F-AF8E-685BC12C4985}.Debug|x86.ActiveCfg = Debug|Any CPU
		{508CBD26-BE5F-4A6F-AF8E-685BC12C4985}.Debug|x86.Build.0 = Debug|Any CPU
		{508CBD26-BE5F-4A6F-AF8E-685BC12C4985}.Release|Any CPU.ActiveCfg = Release|Any CPU
		{508CBD26-BE5F-4A6F-AF8E-685BC12C4985}.Release|Any CPU.Build.0 = Release|Any CPU
		{508CBD26-BE5F-4A6F-AF8E-685BC12C4985}.Release|Mixed Platforms.ActiveCfg = Release|Any CPU
		{508CBD26-BE5F-4A6F-AF8E-685BC12C4985}.Release|Mixed Platforms.Build.0 = Release|Any CPU
		{508CBD26-BE5F-4A6F-AF8E-685BC12C4985}.Release|x86.ActiveCfg = Release|Any CPU
		{508CBD26-BE5F-4A6F-AF8E-685BC12C4985}.Release|x86.Build.0 = Release|Any CPU
	EndGlobalSection
	GlobalSection(SolutionProperties) = preSolution
		HideSolutionNode = FALSE
	EndGlobalSection
	GlobalSection(NestedProjects) = preSolution
		{639DC13D-AD84-4735-A41C-53C57006FFA2} = {8763C93F-BB5D-46BF-B15D-AA8B5392D0C7}
		{7AE60098-4DC6-4D34-B6AE-8C1CCDC13DC9} = {E94BA0A2-DE52-4D96-925B-1FF0C9BF5BD0}
		{5C9A4DB1-BF52-45AC-82AF-B48172632FEB} = {E94BA0A2-DE52-4D96-925B-1FF0C9BF5BD0}
		{19B3296A-D468-4DF8-AD18-35FE63F7E23E} = {A7102297-08DB-46E6-A493-0F9DF69411E9}
		{E1DF389B-780A-43A6-9130-B66090DBC3A7} = {A7102297-08DB-46E6-A493-0F9DF69411E9}
		{C4AB7CA4-2C17-4B29-AFF4-59C6F3BF8420} = {A7102297-08DB-46E6-A493-0F9DF69411E9}
		{63560FD9-5AAB-4803-A954-A8320153FB76} = {8763C93F-BB5D-46BF-B15D-AA8B5392D0C7}
		{37AE74CA-42C5-49E3-BA94-837D7FA501B1} = {E94BA0A2-DE52-4D96-925B-1FF0C9BF5BD0}
		{64EACADF-0A1A-499F-A037-85FD38FEEB14} = {5258CF33-E45D-4EC7-8EBE-A80C8DBDC507}
		{D49F7CEF-D7CA-4E52-B1C7-B7FAE8BE79F6} = {5258CF33-E45D-4EC7-8EBE-A80C8DBDC507}
		{549EB837-9C12-4CE3-9D10-F5BB358D123C} = {5258CF33-E45D-4EC7-8EBE-A80C8DBDC507}
		{39D0DF80-BB09-47E4-810D-97B83A92E303} = {8763C93F-BB5D-46BF-B15D-AA8B5392D0C7}
		{AA0CB76C-AD52-48BF-A93E-77905244A3D8} = {9B79800B-3F08-43ED-8E9B-EF930CA12B2E}
		{EC95C37B-C216-4291-B6A8-C6275BB75DD4} = {8763C93F-BB5D-46BF-B15D-AA8B5392D0C7}
		{E4B45E15-4C1F-49D8-BFC3-E1E53B1B9257} = {8763C93F-BB5D-46BF-B15D-AA8B5392D0C7}
		{A31DFEF1-A7F2-4EC9-8FE5-75054468E09A} = {9B79800B-3F08-43ED-8E9B-EF930CA12B2E}
		{7335CBE5-C774-4FF6-99AE-800495F07B30} = {9B79800B-3F08-43ED-8E9B-EF930CA12B2E}
		{EBCD8E02-0F4D-4647-8588-0B60E4D7C747} = {9B79800B-3F08-43ED-8E9B-EF930CA12B2E}
		{B0988C92-80F3-4988-BA6B-4AEE5157A761} = {9B79800B-3F08-43ED-8E9B-EF930CA12B2E}
		{25838272-D54D-4C7F-B6BD-55D4C4EF3CF7} = {8763C93F-BB5D-46BF-B15D-AA8B5392D0C7}
		{E691BD7B-6C70-4F81-9E3A-6A3043D74E38} = {A7102297-08DB-46E6-A493-0F9DF69411E9}
		{C8293889-8CB0-40EC-9205-8BF0C53FB5B7} = {8763C93F-BB5D-46BF-B15D-AA8B5392D0C7}
		{508CBD26-BE5F-4A6F-AF8E-685BC12C4985} = {8763C93F-BB5D-46BF-B15D-AA8B5392D0C7}
	EndGlobalSection
	GlobalSection(TestCaseManagementSettings) = postSolution
		CategoryFile = Zh.Framework1.vsmdi
	EndGlobalSection
EndGlobal
